
Microsoft Visual Studio Solution File, Format Version 12.00
# Visual Studio Version 17
VisualStudioVersion = 17.8.34309.116
MinimumVisualStudioVersion = 10.0.40219.1
Project("{9A19103F-16F7-4668-BE54-9A1E7A4F7556}") = "Refl", "Refl\Refl.csproj", "{781939C7-B09E-4FE7-BF7B-FD11EF830268}"
EndProject
Project("{FAE04EC0-301F-11D3-BF4B-00C04F79EFBC}") = "Refl.Tests", "Refl.Tests\Refl.Tests.csproj", "{880D940E-7A2A-4FAB-BDC2-4EA111DEB633}"
EndProject
Global
	GlobalSection(SolutionConfigurationPlatforms) = preSolution
		Debug|Any CPU = Debug|Any CPU
		Release|Any CPU = Release|Any CPU
	EndGlobalSection
	GlobalSection(ProjectConfigurationPlatforms) = postSolution
		{781939C7-B09E-4FE7-BF7B-FD11EF830268}.Debug|Any CPU.ActiveCfg = Debug|Any CPU
		{781939C7-B09E-4FE7-BF7B-FD11EF830268}.Debug|Any CPU.Build.0 = Debug|Any CPU
		{781939C7-B09E-4FE7-BF7B-FD11EF830268}.Release|Any CPU.ActiveCfg = Release|Any CPU
		{781939C7-B09E-4FE7-BF7B-FD11EF830268}.Release|Any CPU.Build.0 = Release|Any CPU
		{880D940E-7A2A-4FAB-BDC2-4EA111DEB633}.Debug|Any CPU.ActiveCfg = Debug|Any CPU
		{880D940E-7A2A-4FAB-BDC2-4EA111DEB633}.Debug|Any CPU.Build.0 = Debug|Any CPU
		{880D940E-7A2A-4FAB-BDC2-4EA111DEB633}.Release|Any CPU.ActiveCfg = Release|Any CPU
		{880D940E-7A2A-4FAB-BDC2-4EA111DEB633}.Release|Any CPU.Build.0 = Release|Any CPU
	EndGlobalSection
	GlobalSection(SolutionProperties) = preSolution
		HideSolutionNode = FALSE
	EndGlobalSection
	GlobalSection(ExtensibilityGlobals) = postSolution
		SolutionGuid = {E1C36770-290E-46F8-84B4-128EF69931FB}
	EndGlobalSection
EndGlobal
