
Microsoft Visual Studio Solution File, Format Version 12.00
# Visual Studio Version 17
VisualStudioVersion = 17.7.34024.191
MinimumVisualStudioVersion = 10.0.40219.1
Project("{9A19103F-16F7-4668-BE54-9A1E7A4F7556}") = "CustomThreadPool", "CustomThreadPool\CustomThreadPool.csproj", "{C537DA26-1B57-4E77-834B-886F1340A9F8}"
EndProject
Project("{9A19103F-16F7-4668-BE54-9A1E7A4F7556}") = "UnitTest", "UnitTest\UnitTest.csproj", "{473EC788-F424-47F3-85C3-60907198F67C}"
EndProject
Global
	GlobalSection(SolutionConfigurationPlatforms) = preSolution
		Debug|Any CPU = Debug|Any CPU
		Release|Any CPU = Release|Any CPU
	EndGlobalSection
	GlobalSection(ProjectConfigurationPlatforms) = postSolution
		{C537DA26-1B57-4E77-834B-886F1340A9F8}.Debug|Any CPU.ActiveCfg = Debug|Any CPU
		{C537DA26-1B57-4E77-834B-886F1340A9F8}.Debug|Any CPU.Build.0 = Debug|Any CPU
		{C537DA26-1B57-4E77-834B-886F1340A9F8}.Release|Any CPU.ActiveCfg = Release|Any CPU
		{C537DA26-1B57-4E77-834B-886F1340A9F8}.Release|Any CPU.Build.0 = Release|Any CPU
		{473EC788-F424-47F3-85C3-60907198F67C}.Debug|Any CPU.ActiveCfg = Debug|Any CPU
		{473EC788-F424-47F3-85C3-60907198F67C}.Debug|Any CPU.Build.0 = Debug|Any CPU
		{473EC788-F424-47F3-85C3-60907198F67C}.Release|Any CPU.ActiveCfg = Release|Any CPU
		{473EC788-F424-47F3-85C3-60907198F67C}.Release|Any CPU.Build.0 = Release|Any CPU
	EndGlobalSection
	GlobalSection(SolutionProperties) = preSolution
		HideSolutionNode = FALSE
	EndGlobalSection
	GlobalSection(ExtensibilityGlobals) = postSolution
		SolutionGuid = {E9AA6F65-770B-492D-A302-6640E95EC121}
	EndGlobalSection
EndGlobal
